<Solution>
  <Folder Name="/bench/">
    <Project Path="bench/OrderFlow.Benchmarks/OrderFlow.Benchmarks.csproj" />
  </Folder>
  <Folder Name="/docs/" />
  <Folder Name="/docs/adr/">
    <File Path="0001-clean-architecture.md" />
    <File Path="0002-cqrs-single-database.md" />
    <File Path="0003-outbox-and-domain-events.md" />
  </Folder>
  <Folder Name="/Solution Items/">
    <File Path=".editorconfig" />
    <File Path=".gitignore" />
    <File Path="Directory.Build.props" />
    <File Path="docker-compose.yml" />
    <File Path="README.md" />
  </Folder>
  <Folder Name="/src/">
    <Project Path="src/OrderFlow.Api/OrderFlow.Api.csproj" />
    <Project Path="src/OrderFlow.Application/OrderFlow.Application.csproj" />
    <Project Path="src/OrderFlow.Domain/OrderFlow.Domain.csproj" />
    <Project Path="src/OrderFlow.Infrastructure/OrderFlow.Infrastructure.csproj" />
  </Folder>
  <Folder Name="/tests/">
    <Project Path="tests/OrderFlow.Api.IntegrationTests/OrderFlow.Api.IntegrationTests.csproj" />
    <Project Path="tests/OrderFlow.Application.UnitTests/OrderFlow.Application.UnitTests.csproj" />
    <Project Path="tests/OrderFlow.Domain.UnitTests/OrderFlow.Domain.UnitTests.csproj" />
  </Folder>
</Solution>
